// !$*UTF8*$!
{
	archiveVersion = 1;
	classes = {
	};
	objectVersion = 48;
	objects = {

/* Begin PBXBuildFile section */
		6F4893EB1FD7A13A00350C52 /* AppDelegate.swift in Sources */ = {isa = PBXBuildFile; fileRef = 6F4893EA1FD7A13A00350C52 /* AppDelegate.swift */; };
		6F4893F31FD7A13A00350C52 /* FreshMealApp.xcdatamodeld in Sources */ = {isa = PBXBuildFile; fileRef = 6F4893F11FD7A13A00350C52 /* FreshMealApp.xcdatamodeld */; };
		6F4894041FD7A16900350C52 /* FreshMealHomeTableViewController.swift in Sources */ = {isa = PBXBuildFile; fileRef = 6F4893FF1FD7A16900350C52 /* FreshMealHomeTableViewController.swift */; };
		6F4894051FD7A16900350C52 /* MealDetailViewController.swift in Sources */ = {isa = PBXBuildFile; fileRef = 6F4894001FD7A16900350C52 /* MealDetailViewController.swift */; };
		6F4894061FD7A16900350C52 /* MealService.swift in Sources */ = {isa = PBXBuildFile; fileRef = 6F4894011FD7A16900350C52 /* MealService.swift */; };
		6F4894071FD7A16900350C52 /* Assets.xcassets in Resources */ = {isa = PBXBuildFile; fileRef = 6F4894021FD7A16900350C52 /* Assets.xcassets */; };
		6F48940B1FD7A17A00350C52 /* MealTableViewCell.swift in Sources */ = {isa = PBXBuildFile; fileRef = 6F4894091FD7A17A00350C52 /* MealTableViewCell.swift */; };
		6F48940C1FD7A17A00350C52 /* MealTableViewCell.xib in Resources */ = {isa = PBXBuildFile; fileRef = 6F48940A1FD7A17A00350C52 /* MealTableViewCell.xib */; };
		6F4894111FD7A26A00350C52 /* Main.storyboard in Resources */ = {isa = PBXBuildFile; fileRef = 6F48940D1FD7A26900350C52 /* Main.storyboard */; };
		6F4894121FD7A26A00350C52 /* LaunchScreen.storyboard in Resources */ = {isa = PBXBuildFile; fileRef = 6F48940F1FD7A26900350C52 /* LaunchScreen.storyboard */; };
		6F696C051FD7D80A00A1E338 /* SampleData.rtf in Resources */ = {isa = PBXBuildFile; fileRef = 6F696C041FD7D80A00A1E338 /* SampleData.rtf */; };
		6F9BD3D91FD7A76100814A50 /* AddEditMealTableViewController.swift in Sources */ = {isa = PBXBuildFile; fileRef = 6F9BD3D81FD7A76100814A50 /* AddEditMealTableViewController.swift */; };
/* End PBXBuildFile section */

/* Begin PBXFileReference section */
		6F4893E71FD7A13A00350C52 /* FreshMealApp.app */ = {isa = PBXFileReference; explicitFileType = wrapper.application; includeInIndex = 0; path = FreshMealApp.app; sourceTree = BUILT_PRODUCTS_DIR; };
		6F4893EA1FD7A13A00350C52 /* AppDelegate.swift */ = {isa = PBXFileReference; lastKnownFileType = sourcecode.swift; path = AppDelegate.swift; sourceTree = "<group>"; };
		6F4893F21FD7A13A00350C52 /* FreshMealApp.xcdatamodel */ = {isa = PBXFileReference; lastKnownFileType = wrapper.xcdatamodel; path = FreshMealApp.xcdatamodel; sourceTree = "<group>"; };
		6F4893F91FD7A13A00350C52 /* Info.plist */ = {isa = PBXFileReference; lastKnownFileType = text.plist.xml; path = Info.plist; sourceTree = "<group>"; };
		6F4893FF1FD7A16900350C52 /* FreshMealHomeTableViewController.swift */ = {isa = PBXFileReference; fileEncoding = 4; lastKnownFileType = sourcecode.swift; path = FreshMealHomeTableViewController.swift; sourceTree = "<group>"; };
		6F4894001FD7A16900350C52 /* MealDetailViewController.swift */ = {isa = PBXFileReference; fileEncoding = 4; lastKnownFileType = sourcecode.swift; path = MealDetailViewController.swift; sourceTree = "<group>"; };
		6F4894011FD7A16900350C52 /* MealService.swift */ = {isa = PBXFileReference; fileEncoding = 4; lastKnownFileType = sourcecode.swift; path = MealService.swift; sourceTree = "<group>"; };
		6F4894021FD7A16900350C52 /* Assets.xcassets */ = {isa = PBXFileReference; lastKnownFileType = folder.assetcatalog; path = Assets.xcassets; sourceTree = "<group>"; };
		6F4894091FD7A17A00350C52 /* MealTableViewCell.swift */ = {isa = PBXFileReference; fileEncoding = 4; lastKnownFileType = sourcecode.swift; path = MealTableViewCell.swift; sourceTree = "<group>"; };
		6F48940A1FD7A17A00350C52 /* MealTableViewCell.xib */ = {isa = PBXFileReference; fileEncoding = 4; lastKnownFileType = file.xib; path = MealTableViewCell.xib; sourceTree = "<group>"; };
		6F48940E1FD7A26900350C52 /* Base */ = {isa = PBXFileReference; lastKnownFileType = file.storyboard; name = Base; path = Base.lproj/Main.storyboard; sourceTree = "<group>"; };
		6F4894101FD7A26900350C52 /* Base */ = {isa = PBXFileReference; lastKnownFileType = file.storyboard; name = Base; path = Base.lproj/LaunchScreen.storyboard; sourceTree = "<group>"; };
		6F696C041FD7D80A00A1E338 /* SampleData.rtf */ = {isa = PBXFileReference; lastKnownFileType = text.rtf; path = SampleData.rtf; sourceTree = "<group>"; };
		6F9BD3D81FD7A76100814A50 /* AddEditMealTableViewController.swift */ = {isa = PBXFileReference; fileEncoding = 4; lastKnownFileType = sourcecode.swift; path = AddEditMealTableViewController.swift; sourceTree = "<group>"; };
/* End PBXFileReference section */

/* Begin PBXFrameworksBuildPhase section */
		6F4893E41FD7A13A00350C52 /* Frameworks */ = {
			isa = PBXFrameworksBuildPhase;
			buildActionMask = 2147483647;
			files = (
			);
			runOnlyForDeploymentPostprocessing = 0;
		};
/* End PBXFrameworksBuildPhase section */

/* Begin PBXGroup section */
		6F4893DE1FD7A13A00350C52 = {
			isa = PBXGroup;
			children = (
				6F4893E91FD7A13A00350C52 /* FreshMealApp */,
				6F4893E81FD7A13A00350C52 /* Products */,
			);
			sourceTree = "<group>";
		};
		6F4893E81FD7A13A00350C52 /* Products */ = {
			isa = PBXGroup;
			children = (
				6F4893E71FD7A13A00350C52 /* FreshMealApp.app */,
			);
			name = Products;
			sourceTree = "<group>";
		};
		6F4893E91FD7A13A00350C52 /* FreshMealApp */ = {
			isa = PBXGroup;
			children = (
				6F696C041FD7D80A00A1E338 /* SampleData.rtf */,
				6F4893EA1FD7A13A00350C52 /* AppDelegate.swift */,
				6F4893FF1FD7A16900350C52 /* FreshMealHomeTableViewController.swift */,
				6F4894001FD7A16900350C52 /* MealDetailViewController.swift */,
				6F9BD3D81FD7A76100814A50 /* AddEditMealTableViewController.swift */,
				6F48940A1FD7A17A00350C52 /* MealTableViewCell.xib */,
				6F4894091FD7A17A00350C52 /* MealTableViewCell.swift */,
				6F4894011FD7A16900350C52 /* MealService.swift */,
				6F48940D1FD7A26900350C52 /* Main.storyboard */,
				6F4894021FD7A16900350C52 /* Assets.xcassets */,
				6F48940F1FD7A26900350C52 /* LaunchScreen.storyboard */,
				6F4893F91FD7A13A00350C52 /* Info.plist */,
				6F4893F11FD7A13A00350C52 /* FreshMealApp.xcdatamodeld */,
			);
			path = FreshMealApp;
			sourceTree = "<group>";
		};
/* End PBXGroup section */

/* Begin PBXNativeTarget section */
		6F4893E61FD7A13A00350C52 /* FreshMealApp */ = {
			isa = PBXNativeTarget;
			buildConfigurationList = 6F4893FC1FD7A13A00350C52 /* Build configuration list for PBXNativeTarget "FreshMealApp" */;
			buildPhases = (
				6F4893E31FD7A13A00350C52 /* Sources */,
				6F4893E41FD7A13A00350C52 /* Frameworks */,
				6F4893E51FD7A13A00350C52 /* Resources */,
			);
			buildRules = (
			);
			dependencies = (
			);
			name = FreshMealApp;
			productName = FreshMealApp;
			productReference = 6F4893E71FD7A13A00350C52 /* FreshMealApp.app */;
			productType = "com.apple.product-type.application";
		};
/* End PBXNativeTarget section */

/* Begin PBXProject section */
		6F4893DF1FD7A13A00350C52 /* Project object */ = {
			isa = PBXProject;
			attributes = {
				LastSwiftUpdateCheck = 0910;
				LastUpgradeCheck = 0910;
				ORGANIZATIONNAME = Kokpheng;
				TargetAttributes = {
					6F4893E61FD7A13A00350C52 = {
						CreatedOnToolsVersion = 9.1;
						ProvisioningStyle = Automatic;
					};
				};
			};
			buildConfigurationList = 6F4893E21FD7A13A00350C52 /* Build configuration list for PBXProject "FreshMealApp" */;
			compatibilityVersion = "Xcode 8.0";
			developmentRegion = en;
			hasScannedForEncodings = 0;
			knownRegions = (
				en,
				Base,
			);
			mainGroup = 6F4893DE1FD7A13A00350C52;
			productRefGroup = 6F4893E81FD7A13A00350C52 /* Products */;
			projectDirPath = "";
			projectRoot = "";
			targets = (
				6F4893E61FD7A13A00350C52 /* FreshMealApp */,
			);
		};
/* End PBXProject section */

/* Begin PBXResourcesBuildPhase section */
		6F4893E51FD7A13A00350C52 /* Resources */ = {
			isa = PBXResourcesBuildPhase;
			buildActionMask = 2147483647;
			files = (
				6F4894111FD7A26A00350C52 /* Main.storyboard in Resources */,
				6F4894121FD7A26A00350C52 /* LaunchScreen.storyboard in Resources */,
				6F48940C1FD7A17A00350C52 /* MealTableViewCell.xib in Resources */,
				6F4894071FD7A16900350C52 /* Assets.xcassets in Resources */,
				6F696C051FD7D80A00A1E338 /* SampleData.rtf in Resources */,
			);
			runOnlyForDeploymentPostprocessing = 0;
		};
/* End PBXResourcesBuildPhase section */

/* Begin PBXSourcesBuildPhase section */
		6F4893E31FD7A13A00350C52 /* Sources */ = {
			isa = PBXSourcesBuildPhase;
			buildActionMask = 2147483647;
			files = (
				6F4893F31FD7A13A00350C52 /* FreshMealApp.xcdatamodeld in Sources */,
				6F9BD3D91FD7A76100814A50 /* AddEditMealTableViewController.swift in Sources */,
				6F48940B1FD7A17A00350C52 /* MealTableViewCell.swift in Sources */,
				6F4893EB1FD7A13A00350C52 /* AppDelegate.swift in Sources */,
				6F4894051FD7A16900350C52 /* MealDetailViewController.swift in Sources */,
				6F4894061FD7A16900350C52 /* MealService.swift in Sources */,
				6F4894041FD7A16900350C52 /* FreshMealHomeTableViewController.swift in Sources */,
			);
			runOnlyForDeploymentPostprocessing = 0;
		};
/* End PBXSourcesBuildPhase section */

/* Begin PBXVariantGroup section */
		6F48940D1FD7A26900350C52 /* Main.storyboard */ = {
			isa = PBXVariantGroup;
			children = (
				6F48940E1FD7A26900350C52 /* Base */,
			);
			name = Main.storyboard;
			sourceTree = "<group>";
		};
		6F48940F1FD7A26900350C52 /* LaunchScreen.storyboard */ = {
			isa = PBXVariantGroup;
			children = (
				6F4894101FD7A26900350C52 /* Base */,
			);
			name = LaunchScreen.storyboard;
			sourceTree = "<group>";
		};
/* End PBXVariantGroup section */

/* Begin XCBuildConfiguration section */
		6F4893FA1FD7A13A00350C52 /* Debug */ = {
			isa = XCBuildConfiguration;
			buildSettings = {
				ALWAYS_SEARCH_USER_PATHS = NO;
				CLANG_ANALYZER_NONNULL = YES;
				CLANG_ANALYZER_NUMBER_OBJECT_CONVERSION = YES_AGGRESSIVE;
				CLANG_CXX_LANGUAGE_STANDARD = "gnu++14";
				CLANG_CXX_LIBRARY = "libc++";
				CLANG_ENABLE_MODULES = YES;
				CLANG_ENABLE_OBJC_ARC = YES;
				CLANG_WARN_BLOCK_CAPTURE_AUTORELEASING = YES;
				CLANG_WARN_BOOL_CONVERSION = YES;
				CLANG_WARN_COMMA = YES;
				CLANG_WARN_CONSTANT_CONVERSION = YES;
				CLANG_WARN_DIRECT_OBJC_ISA_USAGE = YES_ERROR;
				CLANG_WARN_DOCUMENTATION_COMMENTS = YES;
				CLANG_WARN_EMPTY_BODY = YES;
				CLANG_WARN_ENUM_CONVERSION = YES;
				CLANG_WARN_INFINITE_RECURSION = YES;
				CLANG_WARN_INT_CONVERSION = YES;
				CLANG_WARN_NON_LITERAL_NULL_CONVERSION = YES;
				CLANG_WARN_OBJC_LITERAL_CONVERSION = YES;
				CLANG_WARN_OBJC_ROOT_CLASS = YES_ERROR;
				CLANG_WARN_RANGE_LOOP_ANALYSIS = YES;
				CLANG_WARN_STRICT_PROTOTYPES = YES;
				CLANG_WARN_SUSPICIOUS_MOVE = YES;
				CLANG_WARN_UNGUARDED_AVAILABILITY = YES_AGGRESSIVE;
				CLANG_WARN_UNREACHABLE_CODE = YES;
				CLANG_WARN__DUPLICATE_METHOD_MATCH = YES;
				CODE_SIGN_IDENTITY = "iPhone Developer";
				COPY_PHASE_STRIP = NO;
				DEBUG_INFORMATION_FORMAT = dwarf;
				ENABLE_STRICT_OBJC_MSGSEND = YES;
				ENABLE_TESTABILITY = YES;
				GCC_C_LANGUAGE_STANDARD = gnu11;
				GCC_DYNAMIC_NO_PIC = NO;
				GCC_NO_COMMON_BLOCKS = YES;
				GCC_OPTIMIZATION_LEVEL = 0;
				GCC_PREPROCESSOR_DEFINITIONS = (
					"DEBUG=1",
					"$(inherited)",
				);
				GCC_WARN_64_TO_32_BIT_CONVERSION = YES;
				GCC_WARN_ABOUT_RETURN_TYPE = YES_ERROR;
				GCC_WARN_UNDECLARED_SELECTOR = YES;
				GCC_WARN_UNINITIALIZED_AUTOS = YES_AGGRESSIVE;
				GCC_WARN_UNUSED_FUNCTION = YES;
				GCC_WARN_UNUSED_VARIABLE = YES;
				IPHONEOS_DEPLOYMENT_TARGET = 11.1;
				MTL_ENABLE_DEBUG_INFO = YES;
				ONLY_ACTIVE_ARCH = YES;
				SDKROOT = iphoneos;
				SWIFT_ACTIVE_COMPILATION_CONDITIONS = DEBUG;
				SWIFT_OPTIMIZATION_LEVEL = "-Onone";
			};
			name = Debug;
		};
		6F4893FB1FD7A13A00350C52 /* Release */ = {
			isa = XCBuildConfiguration;
			buildSettings = {
				ALWAYS_SEARCH_USER_PATHS = NO;
				CLANG_ANALYZER_NONNULL = YES;
				CLANG_ANALYZER_NUMBER_OBJECT_CONVERSION = YES_AGGRESSIVE;
				CLANG_CXX_LANGUAGE_STANDARD = "gnu++14";
				CLANG_CXX_LIBRARY = "libc++";
				CLANG_ENABLE_MODULES = YES;
				CLANG_ENABLE_OBJC_ARC = YES;
				CLANG_WARN_BLOCK_CAPTURE_AUTORELEASING = YES;
				CLANG_WARN_BOOL_CONVERSION = YES;
				CLANG_WARN_COMMA = YES;
				CLANG_WARN_CONSTANT_CONVERSION = YES;
				CLANG_WARN_DIRECT_OBJC_ISA_USAGE = YES_ERROR;
				CLANG_WARN_DOCUMENTATION_COMMENTS = YES;
				CLANG_WARN_EMPTY_BODY = YES;
				CLANG_WARN_ENUM_CONVERSION = YES;
				CLANG_WARN_INFINITE_RECURSION = YES;
				CLANG_WARN_INT_CONVERSION = YES;
				CLANG_WARN_NON_LITERAL_NULL_CONVERSION = YES;
				CLANG_WARN_OBJC_LITERAL_CONVERSION = YES;
				CLANG_WARN_OBJC_ROOT_CLASS = YES_ERROR;
				CLANG_WARN_RANGE_LOOP_ANALYSIS = YES;
				CLANG_WARN_STRICT_PROTOTYPES = YES;
				CLANG_WARN_SUSPICIOUS_MOVE = YES;
				CLANG_WARN_UNGUARDED_AVAILABILITY = YES_AGGRESSIVE;
				CLANG_WARN_UNREACHABLE_CODE = YES;
				CLANG_WARN__DUPLICATE_METHOD_MATCH = YES;
				CODE_SIGN_IDENTITY = "iPhone Developer";
				COPY_PHASE_STRIP = NO;
				DEBUG_INFORMATION_FORMAT = "dwarf-with-dsym";
				ENABLE_NS_ASSERTIONS = NO;
				ENABLE_STRICT_OBJC_MSGSEND = YES;
				GCC_C_LANGUAGE_STANDARD = gnu11;
				GCC_NO_COMMON_BLOCKS = YES;
				GCC_WARN_64_TO_32_BIT_CONVERSION = YES;
				GCC_WARN_ABOUT_RETURN_TYPE = YES_ERROR;
				GCC_WARN_UNDECLARED_SELECTOR = YES;
				GCC_WARN_UNINITIALIZED_AUTOS = YES_AGGRESSIVE;
				GCC_WARN_UNUSED_FUNCTION = YES;
				GCC_WARN_UNUSED_VARIABLE = YES;
				IPHONEOS_DEPLOYMENT_TARGET = 11.1;
				MTL_ENABLE_DEBUG_INFO = NO;
				SDKROOT = iphoneos;
				SWIFT_OPTIMIZATION_LEVEL = "-Owholemodule";
				VALIDATE_PRODUCT = YES;
			};
			name = Release;
		};
		6F4893FD1FD7A13A00350C52 /* Debug */ = {
			isa = XCBuildConfiguration;
			buildSettings = {
				ASSETCATALOG_COMPILER_APPICON_NAME = AppIcon;
				CODE_SIGN_STYLE = Automatic;
				DEVELOPMENT_TEAM = CYU4AKW9QG;
				INFOPLIST_FILE = FreshMealApp/Info.plist;
				LD_RUNPATH_SEARCH_PATHS = "$(inherited) @executable_path/Frameworks";
				PRODUCT_BUNDLE_IDENTIFIER = kshrd.FreshMealApp;
				PRODUCT_NAME = "$(TARGET_NAME)";
				SWIFT_VERSION = 4.0;
				TARGETED_DEVICE_FAMILY = "1,2";
			};
			name = Debug;
		};
		6F4893FE1FD7A13A00350C52 /* Release */ = {
			isa = XCBuildConfiguration;
			buildSettings = {
				ASSETCATALOG_COMPILER_APPICON_NAME = AppIcon;
				CODE_SIGN_STYLE = Automatic;
				DEVELOPMENT_TEAM = CYU4AKW9QG;
				INFOPLIST_FILE = FreshMealApp/Info.plist;
				LD_RUNPATH_SEARCH_PATHS = "$(inherited) @executable_path/Frameworks";
				PRODUCT_BUNDLE_IDENTIFIER = kshrd.FreshMealApp;
				PRODUCT_NAME = "$(TARGET_NAME)";
				SWIFT_VERSION = 4.0;
				TARGETED_DEVICE_FAMILY = "1,2";
			};
			name = Release;
		};
/* End XCBuildConfiguration section */

/* Begin XCConfigurationList section */
		6F4893E21FD7A13A00350C52 /* Build configuration list for PBXProject "FreshMealApp" */ = {
			isa = XCConfigurationList;
			buildConfigurations = (
				6F4893FA1FD7A13A00350C52 /* Debug */,
				6F4893FB1FD7A13A00350C52 /* Release */,
			);
			defaultConfigurationIsVisible = 0;
			defaultConfigurationName = Release;
		};
		6F4893FC1FD7A13A00350C52 /* Build configuration list for PBXNativeTarget "FreshMealApp" */ = {
			isa = XCConfigurationList;
			buildConfigurations = (
				6F4893FD1FD7A13A00350C52 /* Debug */,
				6F4893FE1FD7A13A00350C52 /* Release */,
			);
			defaultConfigurationIsVisible = 0;
			defaultConfigurationName = Release;
		};
/* End XCConfigurationList section */

/* Begin XCVersionGroup section */
		6F4893F11FD7A13A00350C52 /* FreshMealApp.xcdatamodeld */ = {
			isa = XCVersionGroup;
			children = (
				6F4893F21FD7A13A00350C52 /* FreshMealApp.xcdatamodel */,
			);
			currentVersion = 6F4893F21FD7A13A00350C52 /* FreshMealApp.xcdatamodel */;
			path = FreshMealApp.xcdatamodeld;
			sourceTree = "<group>";
			versionGroupType = wrapper.xcdatamodel;
		};
/* End XCVersionGroup section */
	};
	rootObject = 6F4893DF1FD7A13A00350C52 /* Project object */;
}
